
Microsoft Visual Studio Solution File, Format Version 12.00
Project("{FAE04EC0-301F-11D3-BF4B-00C04F79EFBC}") = "trial", "trial\trial.csproj", "{91C77B3D-C07F-4464-AC0F-196D24274EF0}"
EndProject
Project("{FAE04EC0-301F-11D3-BF4B-00C04F79EFBC}") = "CheckersGame", "CheckersGame\CheckersGame.csproj", "{2BFFC2F6-781F-470A-8CA7-ADFDC97F0C70}"
EndProject
Project("{FAE04EC0-301F-11D3-BF4B-00C04F79EFBC}") = "MenuSystem", "MenuSystem\MenuSystem.csproj", "{8210FBDA-F087-48EB-ACA7-B15629980500}"
EndProject
Project("{2150E333-8FDC-42A3-9474-1A3956D46DE8}") = "CheckersApp", "CheckersApp", "{B3C5B7A4-654D-4AA2-BDA1-7137B314D842}"
EndProject
Project("{2150E333-8FDC-42A3-9474-1A3956D46DE8}") = "Solution Items", "Solution Items", "{7CE82A93-C115-488E-9071-9E0994C2CD56}"
EndProject
Project("{FAE04EC0-301F-11D3-BF4B-00C04F79EFBC}") = "Games", "Games\Games.csproj", "{117C7820-5443-4ABD-8010-B3FE25D43458}"
EndProject
Project("{FAE04EC0-301F-11D3-BF4B-00C04F79EFBC}") = "GameOptions", "GameOptions\GameOptions.csproj", "{FC529ADF-A5DA-4513-B993-5FE1A333C0CA}"
EndProject
Project("{FAE04EC0-301F-11D3-BF4B-00C04F79EFBC}") = "GameParts", "GameParts\GameParts.csproj", "{C64C952F-96AD-44BC-A42F-60C2B3684C9C}"
EndProject
Project("{FAE04EC0-301F-11D3-BF4B-00C04F79EFBC}") = "GameUI", "GameUI\GameUI.csproj", "{FE84FE89-0FB1-4A10-BAF9-3633247B8E31}"
EndProject
Project("{FAE04EC0-301F-11D3-BF4B-00C04F79EFBC}") = "DAL", "DAL\DAL.csproj", "{A456A871-029E-4202-9137-AB86FA602B4C}"
EndProject
Project("{FAE04EC0-301F-11D3-BF4B-00C04F79EFBC}") = "DAL.FileSystem", "DAL.FileSystem\DAL.FileSystem.csproj", "{BC6C53A3-FCD0-4E53-BDCF-927A79D65137}"
EndProject
Project("{FAE04EC0-301F-11D3-BF4B-00C04F79EFBC}") = "DAL.Db", "DAL.Db\DAL.Db.csproj", "{4DBD3507-D0F4-487B-A060-42B29F1057B2}"
EndProject
Project("{FAE04EC0-301F-11D3-BF4B-00C04F79EFBC}") = "Domain", "Domain\Domain.csproj", "{437C189B-CB2B-48C8-BA50-2737039C3C3A}"
EndProject
Global
	GlobalSection(SolutionConfigurationPlatforms) = preSolution
		Debug|Any CPU = Debug|Any CPU
		Release|Any CPU = Release|Any CPU
	EndGlobalSection
	GlobalSection(ProjectConfigurationPlatforms) = postSolution
		{91C77B3D-C07F-4464-AC0F-196D24274EF0}.Debug|Any CPU.ActiveCfg = Debug|Any CPU
		{91C77B3D-C07F-4464-AC0F-196D24274EF0}.Debug|Any CPU.Build.0 = Debug|Any CPU
		{91C77B3D-C07F-4464-AC0F-196D24274EF0}.Release|Any CPU.ActiveCfg = Release|Any CPU
		{91C77B3D-C07F-4464-AC0F-196D24274EF0}.Release|Any CPU.Build.0 = Release|Any CPU
		{2BFFC2F6-781F-470A-8CA7-ADFDC97F0C70}.Debug|Any CPU.ActiveCfg = Debug|Any CPU
		{2BFFC2F6-781F-470A-8CA7-ADFDC97F0C70}.Debug|Any CPU.Build.0 = Debug|Any CPU
		{2BFFC2F6-781F-470A-8CA7-ADFDC97F0C70}.Release|Any CPU.ActiveCfg = Release|Any CPU
		{2BFFC2F6-781F-470A-8CA7-ADFDC97F0C70}.Release|Any CPU.Build.0 = Release|Any CPU
		{8210FBDA-F087-48EB-ACA7-B15629980500}.Debug|Any CPU.ActiveCfg = Debug|Any CPU
		{8210FBDA-F087-48EB-ACA7-B15629980500}.Debug|Any CPU.Build.0 = Debug|Any CPU
		{8210FBDA-F087-48EB-ACA7-B15629980500}.Release|Any CPU.ActiveCfg = Release|Any CPU
		{8210FBDA-F087-48EB-ACA7-B15629980500}.Release|Any CPU.Build.0 = Release|Any CPU
		{117C7820-5443-4ABD-8010-B3FE25D43458}.Debug|Any CPU.ActiveCfg = Debug|Any CPU
		{117C7820-5443-4ABD-8010-B3FE25D43458}.Debug|Any CPU.Build.0 = Debug|Any CPU
		{117C7820-5443-4ABD-8010-B3FE25D43458}.Release|Any CPU.ActiveCfg = Release|Any CPU
		{117C7820-5443-4ABD-8010-B3FE25D43458}.Release|Any CPU.Build.0 = Release|Any CPU
		{FC529ADF-A5DA-4513-B993-5FE1A333C0CA}.Debug|Any CPU.ActiveCfg = Debug|Any CPU
		{FC529ADF-A5DA-4513-B993-5FE1A333C0CA}.Debug|Any CPU.Build.0 = Debug|Any CPU
		{FC529ADF-A5DA-4513-B993-5FE1A333C0CA}.Release|Any CPU.ActiveCfg = Release|Any CPU
		{FC529ADF-A5DA-4513-B993-5FE1A333C0CA}.Release|Any CPU.Build.0 = Release|Any CPU
		{C64C952F-96AD-44BC-A42F-60C2B3684C9C}.Debug|Any CPU.ActiveCfg = Debug|Any CPU
		{C64C952F-96AD-44BC-A42F-60C2B3684C9C}.Debug|Any CPU.Build.0 = Debug|Any CPU
		{C64C952F-96AD-44BC-A42F-60C2B3684C9C}.Release|Any CPU.ActiveCfg = Release|Any CPU
		{C64C952F-96AD-44BC-A42F-60C2B3684C9C}.Release|Any CPU.Build.0 = Release|Any CPU
		{FE84FE89-0FB1-4A10-BAF9-3633247B8E31}.Debug|Any CPU.ActiveCfg = Debug|Any CPU
		{FE84FE89-0FB1-4A10-BAF9-3633247B8E31}.Debug|Any CPU.Build.0 = Debug|Any CPU
		{FE84FE89-0FB1-4A10-BAF9-3633247B8E31}.Release|Any CPU.ActiveCfg = Release|Any CPU
		{FE84FE89-0FB1-4A10-BAF9-3633247B8E31}.Release|Any CPU.Build.0 = Release|Any CPU
		{A456A871-029E-4202-9137-AB86FA602B4C}.Debug|Any CPU.ActiveCfg = Debug|Any CPU
		{A456A871-029E-4202-9137-AB86FA602B4C}.Debug|Any CPU.Build.0 = Debug|Any CPU
		{A456A871-029E-4202-9137-AB86FA602B4C}.Release|Any CPU.ActiveCfg = Release|Any CPU
		{A456A871-029E-4202-9137-AB86FA602B4C}.Release|Any CPU.Build.0 = Release|Any CPU
		{BC6C53A3-FCD0-4E53-BDCF-927A79D65137}.Debug|Any CPU.ActiveCfg = Debug|Any CPU
		{BC6C53A3-FCD0-4E53-BDCF-927A79D65137}.Debug|Any CPU.Build.0 = Debug|Any CPU
		{BC6C53A3-FCD0-4E53-BDCF-927A79D65137}.Release|Any CPU.ActiveCfg = Release|Any CPU
		{BC6C53A3-FCD0-4E53-BDCF-927A79D65137}.Release|Any CPU.Build.0 = Release|Any CPU
		{4DBD3507-D0F4-487B-A060-42B29F1057B2}.Debug|Any CPU.ActiveCfg = Debug|Any CPU
		{4DBD3507-D0F4-487B-A060-42B29F1057B2}.Debug|Any CPU.Build.0 = Debug|Any CPU
		{4DBD3507-D0F4-487B-A060-42B29F1057B2}.Release|Any CPU.ActiveCfg = Release|Any CPU
		{4DBD3507-D0F4-487B-A060-42B29F1057B2}.Release|Any CPU.Build.0 = Release|Any CPU
		{437C189B-CB2B-48C8-BA50-2737039C3C3A}.Debug|Any CPU.ActiveCfg = Debug|Any CPU
		{437C189B-CB2B-48C8-BA50-2737039C3C3A}.Debug|Any CPU.Build.0 = Debug|Any CPU
		{437C189B-CB2B-48C8-BA50-2737039C3C3A}.Release|Any CPU.ActiveCfg = Release|Any CPU
		{437C189B-CB2B-48C8-BA50-2737039C3C3A}.Release|Any CPU.Build.0 = Release|Any CPU
	EndGlobalSection
	GlobalSection(NestedProjects) = preSolution
		{2BFFC2F6-781F-470A-8CA7-ADFDC97F0C70} = {B3C5B7A4-654D-4AA2-BDA1-7137B314D842}
		{8210FBDA-F087-48EB-ACA7-B15629980500} = {B3C5B7A4-654D-4AA2-BDA1-7137B314D842}
		{7CE82A93-C115-488E-9071-9E0994C2CD56} = {B3C5B7A4-654D-4AA2-BDA1-7137B314D842}
		{117C7820-5443-4ABD-8010-B3FE25D43458} = {B3C5B7A4-654D-4AA2-BDA1-7137B314D842}
		{FC529ADF-A5DA-4513-B993-5FE1A333C0CA} = {B3C5B7A4-654D-4AA2-BDA1-7137B314D842}
		{C64C952F-96AD-44BC-A42F-60C2B3684C9C} = {B3C5B7A4-654D-4AA2-BDA1-7137B314D842}
		{FE84FE89-0FB1-4A10-BAF9-3633247B8E31} = {B3C5B7A4-654D-4AA2-BDA1-7137B314D842}
		{A456A871-029E-4202-9137-AB86FA602B4C} = {B3C5B7A4-654D-4AA2-BDA1-7137B314D842}
		{BC6C53A3-FCD0-4E53-BDCF-927A79D65137} = {B3C5B7A4-654D-4AA2-BDA1-7137B314D842}
		{4DBD3507-D0F4-487B-A060-42B29F1057B2} = {B3C5B7A4-654D-4AA2-BDA1-7137B314D842}
		{437C189B-CB2B-48C8-BA50-2737039C3C3A} = {B3C5B7A4-654D-4AA2-BDA1-7137B314D842}
	EndGlobalSection
EndGlobal
