
Microsoft Visual Studio Solution File, Format Version 12.00
Project("{FAE04EC0-301F-11D3-BF4B-00C04F79EFBC}") = "trial", "trial\trial.csproj", "{91C77B3D-C07F-4464-AC0F-196D24274EF0}"
EndProject
Project("{FAE04EC0-301F-11D3-BF4B-00C04F79EFBC}") = "CheckersGame", "CheckersGame\CheckersGame.csproj", "{2BFFC2F6-781F-470A-8CA7-ADFDC97F0C70}"
EndProject
Project("{FAE04EC0-301F-11D3-BF4B-00C04F79EFBC}") = "MenuSystem", "MenuSystem\MenuSystem.csproj", "{8210FBDA-F087-48EB-ACA7-B15629980500}"
EndProject
Project("{2150E333-8FDC-42A3-9474-1A3956D46DE8}") = "CheckersApp", "CheckersApp", "{B3C5B7A4-654D-4AA2-BDA1-7137B314D842}"
EndProject
Project("{2150E333-8FDC-42A3-9474-1A3956D46DE8}") = "Console", "Console", "{7CE82A93-C115-488E-9071-9E0994C2CD56}"
EndProject
Project("{FAE04EC0-301F-11D3-BF4B-00C04F79EFBC}") = "Games", "Games\Games.csproj", "{117C7820-5443-4ABD-8010-B3FE25D43458}"
EndProject
Project("{FAE04EC0-301F-11D3-BF4B-00C04F79EFBC}") = "GameOptions", "GameOptions\GameOptions.csproj", "{FC529ADF-A5DA-4513-B993-5FE1A333C0CA}"
EndProject
Project("{FAE04EC0-301F-11D3-BF4B-00C04F79EFBC}") = "GameParts", "GameParts\GameParts.csproj", "{C64C952F-96AD-44BC-A42F-60C2B3684C9C}"
EndProject
Project("{FAE04EC0-301F-11D3-BF4B-00C04F79EFBC}") = "GameUI", "GameUI\GameUI.csproj", "{FE84FE89-0FB1-4A10-BAF9-3633247B8E31}"
EndProject
Project("{FAE04EC0-301F-11D3-BF4B-00C04F79EFBC}") = "DAL.Console", "DAL.Console\DAL.Console.csproj", "{A456A871-029E-4202-9137-AB86FA602B4C}"
EndProject
Project("{FAE04EC0-301F-11D3-BF4B-00C04F79EFBC}") = "DAL.FileSystem", "DAL.FileSystem\DAL.FileSystem.csproj", "{BC6C53A3-FCD0-4E53-BDCF-927A79D65137}"
EndProject
Project("{FAE04EC0-301F-11D3-BF4B-00C04F79EFBC}") = "Domain.Filesystem", "Domain.Filesystem\Domain.Filesystem.csproj", "{437C189B-CB2B-48C8-BA50-2737039C3C3A}"
EndProject
Project("{FAE04EC0-301F-11D3-BF4B-00C04F79EFBC}") = "GlobalConstants", "GlobalConstants\GlobalConstants.csproj", "{899B1783-027A-4D43-9647-4AAA147B1A87}"
EndProject
Project("{2150E333-8FDC-42A3-9474-1A3956D46DE8}") = "Web", "Web", "{B831EB07-06FF-4E35-B810-53723C7FAC65}"
EndProject
Project("{2150E333-8FDC-42A3-9474-1A3956D46DE8}") = "db", "db", "{5ADB9064-5D47-45C3-914F-845070E839A6}"
EndProject
Project("{FAE04EC0-301F-11D3-BF4B-00C04F79EFBC}") = "Domain.Db", "Domain.Db\Domain.Db.csproj", "{3D833091-3DA0-4C50-BD0F-1D5EC6AA6D42}"
EndProject
Project("{FAE04EC0-301F-11D3-BF4B-00C04F79EFBC}") = "CheckersWebApp", "CheckersWebApp\CheckersWebApp.csproj", "{09CD6A38-E9C0-47A6-9560-23848D1C54A8}"
EndProject
Project("{FAE04EC0-301F-11D3-BF4B-00C04F79EFBC}") = "DAL", "DAL\DAL.csproj", "{ED89DC91-313D-44F1-B6AA-A0C80494CF3D}"
EndProject
Project("{FAE04EC0-301F-11D3-BF4B-00C04F79EFBC}") = "DAL.Db", "DAL.Db\DAL.Db.csproj", "{86F47F2E-7F27-4037-9EE0-CA792B904234}"
EndProject
Project("{2150E333-8FDC-42A3-9474-1A3956D46DE8}") = "service", "service", "{06BB4A04-FF86-4FE4-9CE7-8DB1A912BEFF}"
EndProject
Project("{FAE04EC0-301F-11D3-BF4B-00C04F79EFBC}") = "GameBrain", "GameBrain\GameBrain.csproj", "{7AD39402-79A2-4CFE-BDFF-2463A93DD0EA}"
EndProject
Project("{FAE04EC0-301F-11D3-BF4B-00C04F79EFBC}") = "WebUIBoardHandler", "WebUIBoardHandler\WebUIBoardHandler.csproj", "{88B9B88F-80CF-48BD-A5C3-BA6C1A8E71C7}"
EndProject
Project("{FAE04EC0-301F-11D3-BF4B-00C04F79EFBC}") = "AiMoveHandler", "AiMoveHandler\AiMoveHandler.csproj", "{0F4887D3-7225-42F1-8793-1CAFCE41103F}"
EndProject
Global
	GlobalSection(SolutionConfigurationPlatforms) = preSolution
		Debug|Any CPU = Debug|Any CPU
		Release|Any CPU = Release|Any CPU
	EndGlobalSection
	GlobalSection(ProjectConfigurationPlatforms) = postSolution
		{91C77B3D-C07F-4464-AC0F-196D24274EF0}.Debug|Any CPU.ActiveCfg = Debug|Any CPU
		{91C77B3D-C07F-4464-AC0F-196D24274EF0}.Debug|Any CPU.Build.0 = Debug|Any CPU
		{91C77B3D-C07F-4464-AC0F-196D24274EF0}.Release|Any CPU.ActiveCfg = Release|Any CPU
		{91C77B3D-C07F-4464-AC0F-196D24274EF0}.Release|Any CPU.Build.0 = Release|Any CPU
		{2BFFC2F6-781F-470A-8CA7-ADFDC97F0C70}.Debug|Any CPU.ActiveCfg = Debug|Any CPU
		{2BFFC2F6-781F-470A-8CA7-ADFDC97F0C70}.Debug|Any CPU.Build.0 = Debug|Any CPU
		{2BFFC2F6-781F-470A-8CA7-ADFDC97F0C70}.Release|Any CPU.ActiveCfg = Release|Any CPU
		{2BFFC2F6-781F-470A-8CA7-ADFDC97F0C70}.Release|Any CPU.Build.0 = Release|Any CPU
		{8210FBDA-F087-48EB-ACA7-B15629980500}.Debug|Any CPU.ActiveCfg = Debug|Any CPU
		{8210FBDA-F087-48EB-ACA7-B15629980500}.Debug|Any CPU.Build.0 = Debug|Any CPU
		{8210FBDA-F087-48EB-ACA7-B15629980500}.Release|Any CPU.ActiveCfg = Release|Any CPU
		{8210FBDA-F087-48EB-ACA7-B15629980500}.Release|Any CPU.Build.0 = Release|Any CPU
		{117C7820-5443-4ABD-8010-B3FE25D43458}.Debug|Any CPU.ActiveCfg = Debug|Any CPU
		{117C7820-5443-4ABD-8010-B3FE25D43458}.Debug|Any CPU.Build.0 = Debug|Any CPU
		{117C7820-5443-4ABD-8010-B3FE25D43458}.Release|Any CPU.ActiveCfg = Release|Any CPU
		{117C7820-5443-4ABD-8010-B3FE25D43458}.Release|Any CPU.Build.0 = Release|Any CPU
		{FC529ADF-A5DA-4513-B993-5FE1A333C0CA}.Debug|Any CPU.ActiveCfg = Debug|Any CPU
		{FC529ADF-A5DA-4513-B993-5FE1A333C0CA}.Debug|Any CPU.Build.0 = Debug|Any CPU
		{FC529ADF-A5DA-4513-B993-5FE1A333C0CA}.Release|Any CPU.ActiveCfg = Release|Any CPU
		{FC529ADF-A5DA-4513-B993-5FE1A333C0CA}.Release|Any CPU.Build.0 = Release|Any CPU
		{C64C952F-96AD-44BC-A42F-60C2B3684C9C}.Debug|Any CPU.ActiveCfg = Debug|Any CPU
		{C64C952F-96AD-44BC-A42F-60C2B3684C9C}.Debug|Any CPU.Build.0 = Debug|Any CPU
		{C64C952F-96AD-44BC-A42F-60C2B3684C9C}.Release|Any CPU.ActiveCfg = Release|Any CPU
		{C64C952F-96AD-44BC-A42F-60C2B3684C9C}.Release|Any CPU.Build.0 = Release|Any CPU
		{FE84FE89-0FB1-4A10-BAF9-3633247B8E31}.Debug|Any CPU.ActiveCfg = Debug|Any CPU
		{FE84FE89-0FB1-4A10-BAF9-3633247B8E31}.Debug|Any CPU.Build.0 = Debug|Any CPU
		{FE84FE89-0FB1-4A10-BAF9-3633247B8E31}.Release|Any CPU.ActiveCfg = Release|Any CPU
		{FE84FE89-0FB1-4A10-BAF9-3633247B8E31}.Release|Any CPU.Build.0 = Release|Any CPU
		{A456A871-029E-4202-9137-AB86FA602B4C}.Debug|Any CPU.ActiveCfg = Debug|Any CPU
		{A456A871-029E-4202-9137-AB86FA602B4C}.Debug|Any CPU.Build.0 = Debug|Any CPU
		{A456A871-029E-4202-9137-AB86FA602B4C}.Release|Any CPU.ActiveCfg = Release|Any CPU
		{A456A871-029E-4202-9137-AB86FA602B4C}.Release|Any CPU.Build.0 = Release|Any CPU
		{BC6C53A3-FCD0-4E53-BDCF-927A79D65137}.Debug|Any CPU.ActiveCfg = Debug|Any CPU
		{BC6C53A3-FCD0-4E53-BDCF-927A79D65137}.Debug|Any CPU.Build.0 = Debug|Any CPU
		{BC6C53A3-FCD0-4E53-BDCF-927A79D65137}.Release|Any CPU.ActiveCfg = Release|Any CPU
		{BC6C53A3-FCD0-4E53-BDCF-927A79D65137}.Release|Any CPU.Build.0 = Release|Any CPU
		{437C189B-CB2B-48C8-BA50-2737039C3C3A}.Debug|Any CPU.ActiveCfg = Debug|Any CPU
		{437C189B-CB2B-48C8-BA50-2737039C3C3A}.Debug|Any CPU.Build.0 = Debug|Any CPU
		{437C189B-CB2B-48C8-BA50-2737039C3C3A}.Release|Any CPU.ActiveCfg = Release|Any CPU
		{437C189B-CB2B-48C8-BA50-2737039C3C3A}.Release|Any CPU.Build.0 = Release|Any CPU
		{899B1783-027A-4D43-9647-4AAA147B1A87}.Debug|Any CPU.ActiveCfg = Debug|Any CPU
		{899B1783-027A-4D43-9647-4AAA147B1A87}.Debug|Any CPU.Build.0 = Debug|Any CPU
		{899B1783-027A-4D43-9647-4AAA147B1A87}.Release|Any CPU.ActiveCfg = Release|Any CPU
		{899B1783-027A-4D43-9647-4AAA147B1A87}.Release|Any CPU.Build.0 = Release|Any CPU
		{3D833091-3DA0-4C50-BD0F-1D5EC6AA6D42}.Debug|Any CPU.ActiveCfg = Debug|Any CPU
		{3D833091-3DA0-4C50-BD0F-1D5EC6AA6D42}.Debug|Any CPU.Build.0 = Debug|Any CPU
		{3D833091-3DA0-4C50-BD0F-1D5EC6AA6D42}.Release|Any CPU.ActiveCfg = Release|Any CPU
		{3D833091-3DA0-4C50-BD0F-1D5EC6AA6D42}.Release|Any CPU.Build.0 = Release|Any CPU
		{09CD6A38-E9C0-47A6-9560-23848D1C54A8}.Debug|Any CPU.ActiveCfg = Debug|Any CPU
		{09CD6A38-E9C0-47A6-9560-23848D1C54A8}.Debug|Any CPU.Build.0 = Debug|Any CPU
		{09CD6A38-E9C0-47A6-9560-23848D1C54A8}.Release|Any CPU.ActiveCfg = Release|Any CPU
		{09CD6A38-E9C0-47A6-9560-23848D1C54A8}.Release|Any CPU.Build.0 = Release|Any CPU
		{ED89DC91-313D-44F1-B6AA-A0C80494CF3D}.Debug|Any CPU.ActiveCfg = Debug|Any CPU
		{ED89DC91-313D-44F1-B6AA-A0C80494CF3D}.Debug|Any CPU.Build.0 = Debug|Any CPU
		{ED89DC91-313D-44F1-B6AA-A0C80494CF3D}.Release|Any CPU.ActiveCfg = Release|Any CPU
		{ED89DC91-313D-44F1-B6AA-A0C80494CF3D}.Release|Any CPU.Build.0 = Release|Any CPU
		{86F47F2E-7F27-4037-9EE0-CA792B904234}.Debug|Any CPU.ActiveCfg = Debug|Any CPU
		{86F47F2E-7F27-4037-9EE0-CA792B904234}.Debug|Any CPU.Build.0 = Debug|Any CPU
		{86F47F2E-7F27-4037-9EE0-CA792B904234}.Release|Any CPU.ActiveCfg = Release|Any CPU
		{86F47F2E-7F27-4037-9EE0-CA792B904234}.Release|Any CPU.Build.0 = Release|Any CPU
		{7AD39402-79A2-4CFE-BDFF-2463A93DD0EA}.Debug|Any CPU.ActiveCfg = Debug|Any CPU
		{7AD39402-79A2-4CFE-BDFF-2463A93DD0EA}.Debug|Any CPU.Build.0 = Debug|Any CPU
		{7AD39402-79A2-4CFE-BDFF-2463A93DD0EA}.Release|Any CPU.ActiveCfg = Release|Any CPU
		{7AD39402-79A2-4CFE-BDFF-2463A93DD0EA}.Release|Any CPU.Build.0 = Release|Any CPU
		{88B9B88F-80CF-48BD-A5C3-BA6C1A8E71C7}.Debug|Any CPU.ActiveCfg = Debug|Any CPU
		{88B9B88F-80CF-48BD-A5C3-BA6C1A8E71C7}.Debug|Any CPU.Build.0 = Debug|Any CPU
		{88B9B88F-80CF-48BD-A5C3-BA6C1A8E71C7}.Release|Any CPU.ActiveCfg = Release|Any CPU
		{88B9B88F-80CF-48BD-A5C3-BA6C1A8E71C7}.Release|Any CPU.Build.0 = Release|Any CPU
		{0F4887D3-7225-42F1-8793-1CAFCE41103F}.Debug|Any CPU.ActiveCfg = Debug|Any CPU
		{0F4887D3-7225-42F1-8793-1CAFCE41103F}.Debug|Any CPU.Build.0 = Debug|Any CPU
		{0F4887D3-7225-42F1-8793-1CAFCE41103F}.Release|Any CPU.ActiveCfg = Release|Any CPU
		{0F4887D3-7225-42F1-8793-1CAFCE41103F}.Release|Any CPU.Build.0 = Release|Any CPU
	EndGlobalSection
	GlobalSection(NestedProjects) = preSolution
		{7CE82A93-C115-488E-9071-9E0994C2CD56} = {B3C5B7A4-654D-4AA2-BDA1-7137B314D842}
		{899B1783-027A-4D43-9647-4AAA147B1A87} = {B3C5B7A4-654D-4AA2-BDA1-7137B314D842}
		{B831EB07-06FF-4E35-B810-53723C7FAC65} = {B3C5B7A4-654D-4AA2-BDA1-7137B314D842}
		{5ADB9064-5D47-45C3-914F-845070E839A6} = {B831EB07-06FF-4E35-B810-53723C7FAC65}
		{3D833091-3DA0-4C50-BD0F-1D5EC6AA6D42} = {5ADB9064-5D47-45C3-914F-845070E839A6}
		{09CD6A38-E9C0-47A6-9560-23848D1C54A8} = {B831EB07-06FF-4E35-B810-53723C7FAC65}
		{ED89DC91-313D-44F1-B6AA-A0C80494CF3D} = {5ADB9064-5D47-45C3-914F-845070E839A6}
		{86F47F2E-7F27-4037-9EE0-CA792B904234} = {5ADB9064-5D47-45C3-914F-845070E839A6}
		{06BB4A04-FF86-4FE4-9CE7-8DB1A912BEFF} = {B831EB07-06FF-4E35-B810-53723C7FAC65}
		{2BFFC2F6-781F-470A-8CA7-ADFDC97F0C70} = {7CE82A93-C115-488E-9071-9E0994C2CD56}
		{A456A871-029E-4202-9137-AB86FA602B4C} = {7CE82A93-C115-488E-9071-9E0994C2CD56}
		{BC6C53A3-FCD0-4E53-BDCF-927A79D65137} = {7CE82A93-C115-488E-9071-9E0994C2CD56}
		{437C189B-CB2B-48C8-BA50-2737039C3C3A} = {7CE82A93-C115-488E-9071-9E0994C2CD56}
		{FC529ADF-A5DA-4513-B993-5FE1A333C0CA} = {7CE82A93-C115-488E-9071-9E0994C2CD56}
		{C64C952F-96AD-44BC-A42F-60C2B3684C9C} = {7CE82A93-C115-488E-9071-9E0994C2CD56}
		{117C7820-5443-4ABD-8010-B3FE25D43458} = {7CE82A93-C115-488E-9071-9E0994C2CD56}
		{FE84FE89-0FB1-4A10-BAF9-3633247B8E31} = {7CE82A93-C115-488E-9071-9E0994C2CD56}
		{8210FBDA-F087-48EB-ACA7-B15629980500} = {7CE82A93-C115-488E-9071-9E0994C2CD56}
		{7AD39402-79A2-4CFE-BDFF-2463A93DD0EA} = {06BB4A04-FF86-4FE4-9CE7-8DB1A912BEFF}
		{88B9B88F-80CF-48BD-A5C3-BA6C1A8E71C7} = {06BB4A04-FF86-4FE4-9CE7-8DB1A912BEFF}
		{0F4887D3-7225-42F1-8793-1CAFCE41103F} = {06BB4A04-FF86-4FE4-9CE7-8DB1A912BEFF}
	EndGlobalSection
EndGlobal
